
Microsoft Visual Studio Solution File, Format Version 12.00
# Visual Studio Version 16
VisualStudioVersion = 16.0.36227.6
MinimumVisualStudioVersion = 10.0.40219.1
Project("{FAE04EC0-301F-11D3-BF4B-00C04F79EFBC}") = "HuongDan1_1", "HuongDan1_1\HuongDan1_1.csproj", "{3A9F3581-C9B1-4847-A2F7-EF0B30C9FBAF}"
EndProject
Project("{FAE04EC0-301F-11D3-BF4B-00C04F79EFBC}") = "HuongDan1_2", "HuongDan1_2\HuongDan1_2.csproj", "{43DD4271-8F9A-4409-A4AF-6475EC46C306}"
EndProject
Global
	GlobalSection(SolutionConfigurationPlatforms) = preSolution
		Debug|Any CPU = Debug|Any CPU
		Release|Any CPU = Release|Any CPU
	EndGlobalSection
	GlobalSection(ProjectConfigurationPlatforms) = postSolution
		{3A9F3581-C9B1-4847-A2F7-EF0B30C9FBAF}.Debug|Any CPU.ActiveCfg = Debug|Any CPU
		{3A9F3581-C9B1-4847-A2F7-EF0B30C9FBAF}.Debug|Any CPU.Build.0 = Debug|Any CPU
		{3A9F3581-C9B1-4847-A2F7-EF0B30C9FBAF}.Release|Any CPU.ActiveCfg = Release|Any CPU
		{3A9F3581-C9B1-4847-A2F7-EF0B30C9FBAF}.Release|Any CPU.Build.0 = Release|Any CPU
		{43DD4271-8F9A-4409-A4AF-6475EC46C306}.Debug|Any CPU.ActiveCfg = Debug|Any CPU
		{43DD4271-8F9A-4409-A4AF-6475EC46C306}.Debug|Any CPU.Build.0 = Debug|Any CPU
		{43DD4271-8F9A-4409-A4AF-6475EC46C306}.Release|Any CPU.ActiveCfg = Release|Any CPU
		{43DD4271-8F9A-4409-A4AF-6475EC46C306}.Release|Any CPU.Build.0 = Release|Any CPU
	EndGlobalSection
	GlobalSection(SolutionProperties) = preSolution
		HideSolutionNode = FALSE
	EndGlobalSection
	GlobalSection(ExtensibilityGlobals) = postSolution
		SolutionGuid = {4B1EC31E-AE9A-485C-B6B3-72FFF82077FD}
	EndGlobalSection
EndGlobal
