
Microsoft Visual Studio Solution File, Format Version 12.00
# Visual Studio Version 16
VisualStudioVersion = 16.0.36422.26
MinimumVisualStudioVersion = 10.0.40219.1
Project("{FAE04EC0-301F-11D3-BF4B-00C04F79EFBC}") = "AsyncSocketServer", "AsyncSocketServer\AsyncSocketServer.csproj", "{2C9DA668-FB0C-4E21-880C-7A132A3EEA95}"
EndProject
Project("{FAE04EC0-301F-11D3-BF4B-00C04F79EFBC}") = "AsyncSocketTCP", "..\2312609_LapTrinhMang_Lab6.1\AsyncSocketTCP\AsyncSocketTCP.csproj", "{D80B13E5-AC04-4027-955B-032181593ECE}"
EndProject
Project("{FAE04EC0-301F-11D3-BF4B-00C04F79EFBC}") = "AsyncSocketClient", "..\2312609_LapTrinhMang_Lab6.1\AsyncSocketClient\AsyncSocketClient.csproj", "{6F90637E-0B46-4BA6-BAF3-49EA1A75469D}"
EndProject
Project("{FAE04EC0-301F-11D3-BF4B-00C04F79EFBC}") = "AsyncSocketClient_Form", "AsyncSocketClient_Form\AsyncSocketClient_Form.csproj", "{F83F4731-E718-4CD9-8100-1979C91BB155}"
EndProject
Global
	GlobalSection(SolutionConfigurationPlatforms) = preSolution
		Debug|Any CPU = Debug|Any CPU
		Release|Any CPU = Release|Any CPU
	EndGlobalSection
	GlobalSection(ProjectConfigurationPlatforms) = postSolution
		{2C9DA668-FB0C-4E21-880C-7A132A3EEA95}.Debug|Any CPU.ActiveCfg = Debug|Any CPU
		{2C9DA668-FB0C-4E21-880C-7A132A3EEA95}.Debug|Any CPU.Build.0 = Debug|Any CPU
		{2C9DA668-FB0C-4E21-880C-7A132A3EEA95}.Release|Any CPU.ActiveCfg = Release|Any CPU
		{2C9DA668-FB0C-4E21-880C-7A132A3EEA95}.Release|Any CPU.Build.0 = Release|Any CPU
		{D80B13E5-AC04-4027-955B-032181593ECE}.Debug|Any CPU.ActiveCfg = Debug|Any CPU
		{D80B13E5-AC04-4027-955B-032181593ECE}.Debug|Any CPU.Build.0 = Debug|Any CPU
		{D80B13E5-AC04-4027-955B-032181593ECE}.Release|Any CPU.ActiveCfg = Release|Any CPU
		{D80B13E5-AC04-4027-955B-032181593ECE}.Release|Any CPU.Build.0 = Release|Any CPU
		{6F90637E-0B46-4BA6-BAF3-49EA1A75469D}.Debug|Any CPU.ActiveCfg = Debug|Any CPU
		{6F90637E-0B46-4BA6-BAF3-49EA1A75469D}.Debug|Any CPU.Build.0 = Debug|Any CPU
		{6F90637E-0B46-4BA6-BAF3-49EA1A75469D}.Release|Any CPU.ActiveCfg = Release|Any CPU
		{6F90637E-0B46-4BA6-BAF3-49EA1A75469D}.Release|Any CPU.Build.0 = Release|Any CPU
		{F83F4731-E718-4CD9-8100-1979C91BB155}.Debug|Any CPU.ActiveCfg = Debug|Any CPU
		{F83F4731-E718-4CD9-8100-1979C91BB155}.Debug|Any CPU.Build.0 = Debug|Any CPU
		{F83F4731-E718-4CD9-8100-1979C91BB155}.Release|Any CPU.ActiveCfg = Release|Any CPU
		{F83F4731-E718-4CD9-8100-1979C91BB155}.Release|Any CPU.Build.0 = Release|Any CPU
	EndGlobalSection
	GlobalSection(SolutionProperties) = preSolution
		HideSolutionNode = FALSE
	EndGlobalSection
	GlobalSection(ExtensibilityGlobals) = postSolution
		SolutionGuid = {EABE02F8-42E8-473D-A2D6-FC5C4D7E51C7}
	EndGlobalSection
EndGlobal
